// !$*UTF8*$!
{
	archiveVersion = 1;
	classes = {
	};
	objectVersion = 51;
	objects = {

/* Begin PBXBuildFile section */
		69891D1173EFF84BD4C07E64 /* Pods_go_servers_appTests.framework in Frameworks */ = {isa = PBXBuildFile; fileRef = 88BE2C21575EB07DF009DF2B /* Pods_go_servers_appTests.framework */; };
		7A197F9F229AF026009C14CB /* HistoryController.swift in Sources */ = {isa = PBXBuildFile; fileRef = 7A197F9E229AF026009C14CB /* HistoryController.swift */; };
		7A197FA4229B3096009C14CB /* DomainTableViewCell.swift in Sources */ = {isa = PBXBuildFile; fileRef = 7A197FA3229B3096009C14CB /* DomainTableViewCell.swift */; };
		7A28C6BC2299159E00912C7E /* AppDelegate.swift in Sources */ = {isa = PBXBuildFile; fileRef = 7A28C6BB2299159E00912C7E /* AppDelegate.swift */; };
		7A28C6BE2299159E00912C7E /* ViewController.swift in Sources */ = {isa = PBXBuildFile; fileRef = 7A28C6BD2299159E00912C7E /* ViewController.swift */; };
		7A28C6C12299159E00912C7E /* Main.storyboard in Resources */ = {isa = PBXBuildFile; fileRef = 7A28C6BF2299159E00912C7E /* Main.storyboard */; };
		7A28C6C32299159F00912C7E /* Assets.xcassets in Resources */ = {isa = PBXBuildFile; fileRef = 7A28C6C22299159F00912C7E /* Assets.xcassets */; };
		7A28C6C62299159F00912C7E /* LaunchScreen.storyboard in Resources */ = {isa = PBXBuildFile; fileRef = 7A28C6C42299159F00912C7E /* LaunchScreen.storyboard */; };
		7A28C6D12299159F00912C7E /* go_servers_appTests.swift in Sources */ = {isa = PBXBuildFile; fileRef = 7A28C6D02299159F00912C7E /* go_servers_appTests.swift */; };
		7A8B2751229B830700DD991E /* DomainDetailController.swift in Sources */ = {isa = PBXBuildFile; fileRef = 7A8B2750229B830700DD991E /* DomainDetailController.swift */; };
		7A8B2753229B961100DD991E /* GoStatus.swift in Sources */ = {isa = PBXBuildFile; fileRef = 7A8B2752229B961100DD991E /* GoStatus.swift */; };
		7AC766E9229A09A400DA78A8 /* Server.swift in Sources */ = {isa = PBXBuildFile; fileRef = 7AC766E8229A09A400DA78A8 /* Server.swift */; };
		7AC766EB229A0F1D00DA78A8 /* Domain.swift in Sources */ = {isa = PBXBuildFile; fileRef = 7AC766EA229A0F1D00DA78A8 /* Domain.swift */; };
		C8F138E3D424B3BE56C48C4F /* Pods_go_servers_app.framework in Frameworks */ = {isa = PBXBuildFile; fileRef = EA4E8BE2508B8F6BBD27F6FB /* Pods_go_servers_app.framework */; };
/* End PBXBuildFile section */

/* Begin PBXContainerItemProxy section */
		7A28C6CD2299159F00912C7E /* PBXContainerItemProxy */ = {
			isa = PBXContainerItemProxy;
			containerPortal = 7A28C6B02299159E00912C7E /* Project object */;
			proxyType = 1;
			remoteGlobalIDString = 7A28C6B72299159E00912C7E;
			remoteInfo = go_servers_app;
		};
/* End PBXContainerItemProxy section */

/* Begin PBXFileReference section */
		09139186A450408206647E00 /* Pods-go_servers_app.debug.xcconfig */ = {isa = PBXFileReference; includeInIndex = 1; lastKnownFileType = text.xcconfig; name = "Pods-go_servers_app.debug.xcconfig"; path = "Target Support Files/Pods-go_servers_app/Pods-go_servers_app.debug.xcconfig"; sourceTree = "<group>"; };
		5D97EA883D7843319CE8C7E8 /* Pods-go_servers_app.release.xcconfig */ = {isa = PBXFileReference; includeInIndex = 1; lastKnownFileType = text.xcconfig; name = "Pods-go_servers_app.release.xcconfig"; path = "Target Support Files/Pods-go_servers_app/Pods-go_servers_app.release.xcconfig"; sourceTree = "<group>"; };
		7A197F9E229AF026009C14CB /* HistoryController.swift */ = {isa = PBXFileReference; lastKnownFileType = sourcecode.swift; path = HistoryController.swift; sourceTree = "<group>"; };
		7A197FA3229B3096009C14CB /* DomainTableViewCell.swift */ = {isa = PBXFileReference; lastKnownFileType = sourcecode.swift; path = DomainTableViewCell.swift; sourceTree = "<group>"; };
		7A28C6B82299159E00912C7E /* go_servers_app.app */ = {isa = PBXFileReference; explicitFileType = wrapper.application; includeInIndex = 0; path = go_servers_app.app; sourceTree = BUILT_PRODUCTS_DIR; };
		7A28C6BB2299159E00912C7E /* AppDelegate.swift */ = {isa = PBXFileReference; lastKnownFileType = sourcecode.swift; path = AppDelegate.swift; sourceTree = "<group>"; };
		7A28C6BD2299159E00912C7E /* ViewController.swift */ = {isa = PBXFileReference; lastKnownFileType = sourcecode.swift; path = ViewController.swift; sourceTree = "<group>"; };
		7A28C6C02299159E00912C7E /* Base */ = {isa = PBXFileReference; lastKnownFileType = file.storyboard; name = Base; path = Base.lproj/Main.storyboard; sourceTree = "<group>"; };
		7A28C6C22299159F00912C7E /* Assets.xcassets */ = {isa = PBXFileReference; lastKnownFileType = folder.assetcatalog; path = Assets.xcassets; sourceTree = "<group>"; };
		7A28C6C52299159F00912C7E /* Base */ = {isa = PBXFileReference; lastKnownFileType = file.storyboard; name = Base; path = Base.lproj/LaunchScreen.storyboard; sourceTree = "<group>"; };
		7A28C6C72299159F00912C7E /* Info.plist */ = {isa = PBXFileReference; lastKnownFileType = text.plist.xml; path = Info.plist; sourceTree = "<group>"; };
		7A28C6CC2299159F00912C7E /* go_servers_appTests.xctest */ = {isa = PBXFileReference; explicitFileType = wrapper.cfbundle; includeInIndex = 0; path = go_servers_appTests.xctest; sourceTree = BUILT_PRODUCTS_DIR; };
		7A28C6D02299159F00912C7E /* go_servers_appTests.swift */ = {isa = PBXFileReference; lastKnownFileType = sourcecode.swift; path = go_servers_appTests.swift; sourceTree = "<group>"; };
		7A28C6D22299159F00912C7E /* Info.plist */ = {isa = PBXFileReference; lastKnownFileType = text.plist.xml; path = Info.plist; sourceTree = "<group>"; };
		7A8B2750229B830700DD991E /* DomainDetailController.swift */ = {isa = PBXFileReference; lastKnownFileType = sourcecode.swift; path = DomainDetailController.swift; sourceTree = "<group>"; };
		7A8B2752229B961100DD991E /* GoStatus.swift */ = {isa = PBXFileReference; lastKnownFileType = sourcecode.swift; path = GoStatus.swift; sourceTree = "<group>"; };
		7AC766E8229A09A400DA78A8 /* Server.swift */ = {isa = PBXFileReference; lastKnownFileType = sourcecode.swift; path = Server.swift; sourceTree = "<group>"; };
		7AC766EA229A0F1D00DA78A8 /* Domain.swift */ = {isa = PBXFileReference; lastKnownFileType = sourcecode.swift; path = Domain.swift; sourceTree = "<group>"; };
		88BE2C21575EB07DF009DF2B /* Pods_go_servers_appTests.framework */ = {isa = PBXFileReference; explicitFileType = wrapper.framework; includeInIndex = 0; path = Pods_go_servers_appTests.framework; sourceTree = BUILT_PRODUCTS_DIR; };
		DA1462AE165909746FA755CE /* Pods-go_servers_appTests.debug.xcconfig */ = {isa = PBXFileReference; includeInIndex = 1; lastKnownFileType = text.xcconfig; name = "Pods-go_servers_appTests.debug.xcconfig"; path = "Target Support Files/Pods-go_servers_appTests/Pods-go_servers_appTests.debug.xcconfig"; sourceTree = "<group>"; };
		E6E8676F91B4D34CF20A44A4 /* Pods-go_servers_appTests.release.xcconfig */ = {isa = PBXFileReference; includeInIndex = 1; lastKnownFileType = text.xcconfig; name = "Pods-go_servers_appTests.release.xcconfig"; path = "Target Support Files/Pods-go_servers_appTests/Pods-go_servers_appTests.release.xcconfig"; sourceTree = "<group>"; };
		EA4E8BE2508B8F6BBD27F6FB /* Pods_go_servers_app.framework */ = {isa = PBXFileReference; explicitFileType = wrapper.framework; includeInIndex = 0; path = Pods_go_servers_app.framework; sourceTree = BUILT_PRODUCTS_DIR; };
/* End PBXFileReference section */

/* Begin PBXFrameworksBuildPhase section */
		7A28C6B52299159E00912C7E /* Frameworks */ = {
			isa = PBXFrameworksBuildPhase;
			buildActionMask = 2147483647;
			files = (
				C8F138E3D424B3BE56C48C4F /* Pods_go_servers_app.framework in Frameworks */,
			);
			runOnlyForDeploymentPostprocessing = 0;
		};
		7A28C6C92299159F00912C7E /* Frameworks */ = {
			isa = PBXFrameworksBuildPhase;
			buildActionMask = 2147483647;
			files = (
				69891D1173EFF84BD4C07E64 /* Pods_go_servers_appTests.framework in Frameworks */,
			);
			runOnlyForDeploymentPostprocessing = 0;
		};
/* End PBXFrameworksBuildPhase section */

/* Begin PBXGroup section */
		7A197FA0229AF1EB009C14CB /* Controllers */ = {
			isa = PBXGroup;
			children = (
				7A28C6BD2299159E00912C7E /* ViewController.swift */,
				7A197F9E229AF026009C14CB /* HistoryController.swift */,
				7A197FA3229B3096009C14CB /* DomainTableViewCell.swift */,
				7A8B2750229B830700DD991E /* DomainDetailController.swift */,
			);
			path = Controllers;
			sourceTree = "<group>";
		};
		7A28C6AF2299159E00912C7E = {
			isa = PBXGroup;
			children = (
				7A28C6BA2299159E00912C7E /* go_servers_app */,
				7A28C6CF2299159F00912C7E /* go_servers_appTests */,
				7A28C6B92299159E00912C7E /* Products */,
				FAFA4158648690628B156569 /* Pods */,
				BF7371D337E3EAF5938ED1AA /* Frameworks */,
			);
			sourceTree = "<group>";
		};
		7A28C6B92299159E00912C7E /* Products */ = {
			isa = PBXGroup;
			children = (
				7A28C6B82299159E00912C7E /* go_servers_app.app */,
				7A28C6CC2299159F00912C7E /* go_servers_appTests.xctest */,
			);
			name = Products;
			sourceTree = "<group>";
		};
		7A28C6BA2299159E00912C7E /* go_servers_app */ = {
			isa = PBXGroup;
			children = (
				7A197FA0229AF1EB009C14CB /* Controllers */,
				7AC766E7229A096900DA78A8 /* Models */,
				7A28C6BB2299159E00912C7E /* AppDelegate.swift */,
				7A28C6BF2299159E00912C7E /* Main.storyboard */,
				7A28C6C22299159F00912C7E /* Assets.xcassets */,
				7A28C6C42299159F00912C7E /* LaunchScreen.storyboard */,
				7A28C6C72299159F00912C7E /* Info.plist */,
			);
			path = go_servers_app;
			sourceTree = "<group>";
		};
		7A28C6CF2299159F00912C7E /* go_servers_appTests */ = {
			isa = PBXGroup;
			children = (
				7A28C6D02299159F00912C7E /* go_servers_appTests.swift */,
				7A28C6D22299159F00912C7E /* Info.plist */,
			);
			path = go_servers_appTests;
			sourceTree = "<group>";
		};
		7AC766E7229A096900DA78A8 /* Models */ = {
			isa = PBXGroup;
			children = (
				7AC766E8229A09A400DA78A8 /* Server.swift */,
				7AC766EA229A0F1D00DA78A8 /* Domain.swift */,
				7A8B2752229B961100DD991E /* GoStatus.swift */,
			);
			path = Models;
			sourceTree = "<group>";
		};
		BF7371D337E3EAF5938ED1AA /* Frameworks */ = {
			isa = PBXGroup;
			children = (
				EA4E8BE2508B8F6BBD27F6FB /* Pods_go_servers_app.framework */,
				88BE2C21575EB07DF009DF2B /* Pods_go_servers_appTests.framework */,
			);
			name = Frameworks;
			sourceTree = "<group>";
		};
		FAFA4158648690628B156569 /* Pods */ = {
			isa = PBXGroup;
			children = (
				09139186A450408206647E00 /* Pods-go_servers_app.debug.xcconfig */,
				5D97EA883D7843319CE8C7E8 /* Pods-go_servers_app.release.xcconfig */,
				DA1462AE165909746FA755CE /* Pods-go_servers_appTests.debug.xcconfig */,
				E6E8676F91B4D34CF20A44A4 /* Pods-go_servers_appTests.release.xcconfig */,
			);
			path = Pods;
			sourceTree = "<group>";
		};
/* End PBXGroup section */

/* Begin PBXNativeTarget section */
		7A28C6B72299159E00912C7E /* go_servers_app */ = {
			isa = PBXNativeTarget;
			buildConfigurationList = 7A28C6D52299159F00912C7E /* Build configuration list for PBXNativeTarget "go_servers_app" */;
			buildPhases = (
				6D11F90D3BC43D45AD619D02 /* [CP] Check Pods Manifest.lock */,
				7A28C6B42299159E00912C7E /* Sources */,
				7A28C6B52299159E00912C7E /* Frameworks */,
				7A28C6B62299159E00912C7E /* Resources */,
				80B4BB9282E2C93656E66995 /* [CP] Embed Pods Frameworks */,
			);
			buildRules = (
			);
			dependencies = (
			);
			name = go_servers_app;
			productName = go_servers_app;
			productReference = 7A28C6B82299159E00912C7E /* go_servers_app.app */;
			productType = "com.apple.product-type.application";
		};
		7A28C6CB2299159F00912C7E /* go_servers_appTests */ = {
			isa = PBXNativeTarget;
			buildConfigurationList = 7A28C6D82299159F00912C7E /* Build configuration list for PBXNativeTarget "go_servers_appTests" */;
			buildPhases = (
				14AA046E3F9697236BA30150 /* [CP] Check Pods Manifest.lock */,
				7A28C6C82299159F00912C7E /* Sources */,
				7A28C6C92299159F00912C7E /* Frameworks */,
				7A28C6CA2299159F00912C7E /* Resources */,
			);
			buildRules = (
			);
			dependencies = (
				7A28C6CE2299159F00912C7E /* PBXTargetDependency */,
			);
			name = go_servers_appTests;
			productName = go_servers_appTests;
			productReference = 7A28C6CC2299159F00912C7E /* go_servers_appTests.xctest */;
			productType = "com.apple.product-type.bundle.unit-test";
		};
/* End PBXNativeTarget section */

/* Begin PBXProject section */
		7A28C6B02299159E00912C7E /* Project object */ = {
			isa = PBXProject;
			attributes = {
				LastSwiftUpdateCheck = 1020;
				LastUpgradeCheck = 1020;
				ORGANIZATIONNAME = "Julio Marin";
				TargetAttributes = {
					7A28C6B72299159E00912C7E = {
						CreatedOnToolsVersion = 10.2.1;
					};
					7A28C6CB2299159F00912C7E = {
						CreatedOnToolsVersion = 10.2.1;
						TestTargetID = 7A28C6B72299159E00912C7E;
					};
				};
			};
			buildConfigurationList = 7A28C6B32299159E00912C7E /* Build configuration list for PBXProject "go_servers_app" */;
			compatibilityVersion = "Xcode 9.3";
			developmentRegion = en;
			hasScannedForEncodings = 0;
			knownRegions = (
				en,
				Base,
			);
			mainGroup = 7A28C6AF2299159E00912C7E;
			productRefGroup = 7A28C6B92299159E00912C7E /* Products */;
			projectDirPath = "";
			projectRoot = "";
			targets = (
				7A28C6B72299159E00912C7E /* go_servers_app */,
				7A28C6CB2299159F00912C7E /* go_servers_appTests */,
			);
		};
/* End PBXProject section */

/* Begin PBXResourcesBuildPhase section */
		7A28C6B62299159E00912C7E /* Resources */ = {
			isa = PBXResourcesBuildPhase;
			buildActionMask = 2147483647;
			files = (
				7A28C6C62299159F00912C7E /* LaunchScreen.storyboard in Resources */,
				7A28C6C32299159F00912C7E /* Assets.xcassets in Resources */,
				7A28C6C12299159E00912C7E /* Main.storyboard in Resources */,
			);
			runOnlyForDeploymentPostprocessing = 0;
		};
		7A28C6CA2299159F00912C7E /* Resources */ = {
			isa = PBXResourcesBuildPhase;
			buildActionMask = 2147483647;
			files = (
			);
			runOnlyForDeploymentPostprocessing = 0;
		};
/* End PBXResourcesBuildPhase section */

/* Begin PBXShellScriptBuildPhase section */
		14AA046E3F9697236BA30150 /* [CP] Check Pods Manifest.lock */ = {
			isa = PBXShellScriptBuildPhase;
			buildActionMask = 2147483647;
			files = (
			);
			inputFileListPaths = (
			);
			inputPaths = (
				"${PODS_PODFILE_DIR_PATH}/Podfile.lock",
				"${PODS_ROOT}/Manifest.lock",
			);
			name = "[CP] Check Pods Manifest.lock";
			outputFileListPaths = (
			);
			outputPaths = (
				"$(DERIVED_FILE_DIR)/Pods-go_servers_appTests-checkManifestLockResult.txt",
			);
			runOnlyForDeploymentPostprocessing = 0;
			shellPath = /bin/sh;
			shellScript = "diff \"${PODS_PODFILE_DIR_PATH}/Podfile.lock\" \"${PODS_ROOT}/Manifest.lock\" > /dev/null\nif [ $? != 0 ] ; then\n    # print error to STDERR\n    echo \"error: The sandbox is not in sync with the Podfile.lock. Run 'pod install' or update your CocoaPods installation.\" >&2\n    exit 1\nfi\n# This output is used by Xcode 'outputs' to avoid re-running this script phase.\necho \"SUCCESS\" > \"${SCRIPT_OUTPUT_FILE_0}\"\n";
			showEnvVarsInLog = 0;
		};
		6D11F90D3BC43D45AD619D02 /* [CP] Check Pods Manifest.lock */ = {
			isa = PBXShellScriptBuildPhase;
			buildActionMask = 2147483647;
			files = (
			);
			inputFileListPaths = (
			);
			inputPaths = (
				"${PODS_PODFILE_DIR_PATH}/Podfile.lock",
				"${PODS_ROOT}/Manifest.lock",
			);
			name = "[CP] Check Pods Manifest.lock";
			outputFileListPaths = (
			);
			outputPaths = (
				"$(DERIVED_FILE_DIR)/Pods-go_servers_app-checkManifestLockResult.txt",
			);
			runOnlyForDeploymentPostprocessing = 0;
			shellPath = /bin/sh;
			shellScript = "diff \"${PODS_PODFILE_DIR_PATH}/Podfile.lock\" \"${PODS_ROOT}/Manifest.lock\" > /dev/null\nif [ $? != 0 ] ; then\n    # print error to STDERR\n    echo \"error: The sandbox is not in sync with the Podfile.lock. Run 'pod install' or update your CocoaPods installation.\" >&2\n    exit 1\nfi\n# This output is used by Xcode 'outputs' to avoid re-running this script phase.\necho \"SUCCESS\" > \"${SCRIPT_OUTPUT_FILE_0}\"\n";
			showEnvVarsInLog = 0;
		};
		80B4BB9282E2C93656E66995 /* [CP] Embed Pods Frameworks */ = {
			isa = PBXShellScriptBuildPhase;
			buildActionMask = 2147483647;
			files = (
			);
			inputFileListPaths = (
				"${PODS_ROOT}/Target Support Files/Pods-go_servers_app/Pods-go_servers_app-frameworks-${CONFIGURATION}-input-files.xcfilelist",
			);
			name = "[CP] Embed Pods Frameworks";
			outputFileListPaths = (
				"${PODS_ROOT}/Target Support Files/Pods-go_servers_app/Pods-go_servers_app-frameworks-${CONFIGURATION}-output-files.xcfilelist",
			);
			runOnlyForDeploymentPostprocessing = 0;
			shellPath = /bin/sh;
			shellScript = "\"${PODS_ROOT}/Target Support Files/Pods-go_servers_app/Pods-go_servers_app-frameworks.sh\"\n";
			showEnvVarsInLog = 0;
		};
/* End PBXShellScriptBuildPhase section */

/* Begin PBXSourcesBuildPhase section */
		7A28C6B42299159E00912C7E /* Sources */ = {
			isa = PBXSourcesBuildPhase;
			buildActionMask = 2147483647;
			files = (
				7A197F9F229AF026009C14CB /* HistoryController.swift in Sources */,
				7A8B2751229B830700DD991E /* DomainDetailController.swift in Sources */,
				7A28C6BE2299159E00912C7E /* ViewController.swift in Sources */,
				7A8B2753229B961100DD991E /* GoStatus.swift in Sources */,
				7AC766E9229A09A400DA78A8 /* Server.swift in Sources */,
				7A28C6BC2299159E00912C7E /* AppDelegate.swift in Sources */,
				7AC766EB229A0F1D00DA78A8 /* Domain.swift in Sources */,
				7A197FA4229B3096009C14CB /* DomainTableViewCell.swift in Sources */,
			);
			runOnlyForDeploymentPostprocessing = 0;
		};
		7A28C6C82299159F00912C7E /* Sources */ = {
			isa = PBXSourcesBuildPhase;
			buildActionMask = 2147483647;
			files = (
				7A28C6D12299159F00912C7E /* go_servers_appTests.swift in Sources */,
			);
			runOnlyForDeploymentPostprocessing = 0;
		};
/* End PBXSourcesBuildPhase section */

/* Begin PBXTargetDependency section */
		7A28C6CE2299159F00912C7E /* PBXTargetDependency */ = {
			isa = PBXTargetDependency;
			target = 7A28C6B72299159E00912C7E /* go_servers_app */;
			targetProxy = 7A28C6CD2299159F00912C7E /* PBXContainerItemProxy */;
		};
/* End PBXTargetDependency section */

/* Begin PBXVariantGroup section */
		7A28C6BF2299159E00912C7E /* Main.storyboard */ = {
			isa = PBXVariantGroup;
			children = (
				7A28C6C02299159E00912C7E /* Base */,
			);
			name = Main.storyboard;
			sourceTree = "<group>";
		};
		7A28C6C42299159F00912C7E /* LaunchScreen.storyboard */ = {
			isa = PBXVariantGroup;
			children = (
				7A28C6C52299159F00912C7E /* Base */,
			);
			name = LaunchScreen.storyboard;
			sourceTree = "<group>";
		};
/* End PBXVariantGroup section */

/* Begin XCBuildConfiguration section */
		7A28C6D32299159F00912C7E /* Debug */ = {
			isa = XCBuildConfiguration;
			buildSettings = {
				ALWAYS_SEARCH_USER_PATHS = NO;
				CLANG_ANALYZER_NONNULL = YES;
				CLANG_ANALYZER_NUMBER_OBJECT_CONVERSION = YES_AGGRESSIVE;
				CLANG_CXX_LANGUAGE_STANDARD = "gnu++14";
				CLANG_CXX_LIBRARY = "libc++";
				CLANG_ENABLE_MODULES = YES;
				CLANG_ENABLE_OBJC_ARC = YES;
				CLANG_ENABLE_OBJC_WEAK = YES;
				CLANG_WARN_BLOCK_CAPTURE_AUTORELEASING = YES;
				CLANG_WARN_BOOL_CONVERSION = YES;
				CLANG_WARN_COMMA = YES;
				CLANG_WARN_CONSTANT_CONVERSION = YES;
				CLANG_WARN_DEPRECATED_OBJC_IMPLEMENTATIONS = YES;
				CLANG_WARN_DIRECT_OBJC_ISA_USAGE = YES_ERROR;
				CLANG_WARN_DOCUMENTATION_COMMENTS = YES;
				CLANG_WARN_EMPTY_BODY = YES;
				CLANG_WARN_ENUM_CONVERSION = YES;
				CLANG_WARN_INFINITE_RECURSION = YES;
				CLANG_WARN_INT_CONVERSION = YES;
				CLANG_WARN_NON_LITERAL_NULL_CONVERSION = YES;
				CLANG_WARN_OBJC_IMPLICIT_RETAIN_SELF = YES;
				CLANG_WARN_OBJC_LITERAL_CONVERSION = YES;
				CLANG_WARN_OBJC_ROOT_CLASS = YES_ERROR;
				CLANG_WARN_RANGE_LOOP_ANALYSIS = YES;
				CLANG_WARN_STRICT_PROTOTYPES = YES;
				CLANG_WARN_SUSPICIOUS_MOVE = YES;
				CLANG_WARN_UNGUARDED_AVAILABILITY = YES_AGGRESSIVE;
				CLANG_WARN_UNREACHABLE_CODE = YES;
				CLANG_WARN__DUPLICATE_METHOD_MATCH = YES;
				CODE_SIGN_IDENTITY = "iPhone Developer";
				COPY_PHASE_STRIP = NO;
				DEBUG_INFORMATION_FORMAT = dwarf;
				ENABLE_STRICT_OBJC_MSGSEND = YES;
				ENABLE_TESTABILITY = YES;
				GCC_C_LANGUAGE_STANDARD = gnu11;
				GCC_DYNAMIC_NO_PIC = NO;
				GCC_NO_COMMON_BLOCKS = YES;
				GCC_OPTIMIZATION_LEVEL = 0;
				GCC_PREPROCESSOR_DEFINITIONS = (
					"DEBUG=1",
					"$(inherited)",
				);
				GCC_WARN_64_TO_32_BIT_CONVERSION = YES;
				GCC_WARN_ABOUT_RETURN_TYPE = YES_ERROR;
				GCC_WARN_UNDECLARED_SELECTOR = YES;
				GCC_WARN_UNINITIALIZED_AUTOS = YES_AGGRESSIVE;
				GCC_WARN_UNUSED_FUNCTION = YES;
				GCC_WARN_UNUSED_VARIABLE = YES;
				IPHONEOS_DEPLOYMENT_TARGET = 12.2;
				MTL_ENABLE_DEBUG_INFO = INCLUDE_SOURCE;
				MTL_FAST_MATH = YES;
				ONLY_ACTIVE_ARCH = YES;
				SDKROOT = iphoneos;
				SWIFT_ACTIVE_COMPILATION_CONDITIONS = DEBUG;
				SWIFT_OPTIMIZATION_LEVEL = "-Onone";
			};
			name = Debug;
		};
		7A28C6D42299159F00912C7E /* Release */ = {
			isa = XCBuildConfiguration;
			buildSettings = {
				ALWAYS_SEARCH_USER_PATHS = NO;
				CLANG_ANALYZER_NONNULL = YES;
				CLANG_ANALYZER_NUMBER_OBJECT_CONVERSION = YES_AGGRESSIVE;
				CLANG_CXX_LANGUAGE_STANDARD = "gnu++14";
				CLANG_CXX_LIBRARY = "libc++";
				CLANG_ENABLE_MODULES = YES;
				CLANG_ENABLE_OBJC_ARC = YES;
				CLANG_ENABLE_OBJC_WEAK = YES;
				CLANG_WARN_BLOCK_CAPTURE_AUTORELEASING = YES;
				CLANG_WARN_BOOL_CONVERSION = YES;
				CLANG_WARN_COMMA = YES;
				CLANG_WARN_CONSTANT_CONVERSION = YES;
				CLANG_WARN_DEPRECATED_OBJC_IMPLEMENTATIONS = YES;
				CLANG_WARN_DIRECT_OBJC_ISA_USAGE = YES_ERROR;
				CLANG_WARN_DOCUMENTATION_COMMENTS = YES;
				CLANG_WARN_EMPTY_BODY = YES;
				CLANG_WARN_ENUM_CONVERSION = YES;
				CLANG_WARN_INFINITE_RECURSION = YES;
				CLANG_WARN_INT_CONVERSION = YES;
				CLANG_WARN_NON_LITERAL_NULL_CONVERSION = YES;
				CLANG_WARN_OBJC_IMPLICIT_RETAIN_SELF = YES;
				CLANG_WARN_OBJC_LITERAL_CONVERSION = YES;
				CLANG_WARN_OBJC_ROOT_CLASS = YES_ERROR;
				CLANG_WARN_RANGE_LOOP_ANALYSIS = YES;
				CLANG_WARN_STRICT_PROTOTYPES = YES;
				CLANG_WARN_SUSPICIOUS_MOVE = YES;
				CLANG_WARN_UNGUARDED_AVAILABILITY = YES_AGGRESSIVE;
				CLANG_WARN_UNREACHABLE_CODE = YES;
				CLANG_WARN__DUPLICATE_METHOD_MATCH = YES;
				CODE_SIGN_IDENTITY = "iPhone Developer";
				COPY_PHASE_STRIP = NO;
				DEBUG_INFORMATION_FORMAT = "dwarf-with-dsym";
				ENABLE_NS_ASSERTIONS = NO;
				ENABLE_STRICT_OBJC_MSGSEND = YES;
				GCC_C_LANGUAGE_STANDARD = gnu11;
				GCC_NO_COMMON_BLOCKS = YES;
				GCC_WARN_64_TO_32_BIT_CONVERSION = YES;
				GCC_WARN_ABOUT_RETURN_TYPE = YES_ERROR;
				GCC_WARN_UNDECLARED_SELECTOR = YES;
				GCC_WARN_UNINITIALIZED_AUTOS = YES_AGGRESSIVE;
				GCC_WARN_UNUSED_FUNCTION = YES;
				GCC_WARN_UNUSED_VARIABLE = YES;
				IPHONEOS_DEPLOYMENT_TARGET = 12.2;
				MTL_ENABLE_DEBUG_INFO = NO;
				MTL_FAST_MATH = YES;
				SDKROOT = iphoneos;
				SWIFT_COMPILATION_MODE = wholemodule;
				SWIFT_OPTIMIZATION_LEVEL = "-O";
				VALIDATE_PRODUCT = YES;
			};
			name = Release;
		};
		7A28C6D62299159F00912C7E /* Debug */ = {
			isa = XCBuildConfiguration;
			baseConfigurationReference = 09139186A450408206647E00 /* Pods-go_servers_app.debug.xcconfig */;
			buildSettings = {
				ASSETCATALOG_COMPILER_APPICON_NAME = AppIcon;
				CODE_SIGN_STYLE = Automatic;
				DEVELOPMENT_TEAM = J386LH35NK;
				INFOPLIST_FILE = go_servers_app/Info.plist;
				IPHONEOS_DEPLOYMENT_TARGET = 12.2;
				LD_RUNPATH_SEARCH_PATHS = (
					"$(inherited)",
					"@executable_path/Frameworks",
				);
				PRODUCT_BUNDLE_IDENTIFIER = "com.jotacemarin.go-servers-app";
				PRODUCT_NAME = "$(TARGET_NAME)";
				SWIFT_VERSION = 5.0;
				TARGETED_DEVICE_FAMILY = "1,2";
			};
			name = Debug;
		};
		7A28C6D72299159F00912C7E /* Release */ = {
			isa = XCBuildConfiguration;
			baseConfigurationReference = 5D97EA883D7843319CE8C7E8 /* Pods-go_servers_app.release.xcconfig */;
			buildSettings = {
				ASSETCATALOG_COMPILER_APPICON_NAME = AppIcon;
				CODE_SIGN_STYLE = Automatic;
				DEVELOPMENT_TEAM = J386LH35NK;
				INFOPLIST_FILE = go_servers_app/Info.plist;
				IPHONEOS_DEPLOYMENT_TARGET = 12.2;
				LD_RUNPATH_SEARCH_PATHS = (
					"$(inherited)",
					"@executable_path/Frameworks",
				);
				PRODUCT_BUNDLE_IDENTIFIER = "com.jotacemarin.go-servers-app";
				PRODUCT_NAME = "$(TARGET_NAME)";
				SWIFT_VERSION = 5.0;
				TARGETED_DEVICE_FAMILY = "1,2";
			};
			name = Release;
		};
		7A28C6D92299159F00912C7E /* Debug */ = {
			isa = XCBuildConfiguration;
			baseConfigurationReference = DA1462AE165909746FA755CE /* Pods-go_servers_appTests.debug.xcconfig */;
			buildSettings = {
				ALWAYS_EMBED_SWIFT_STANDARD_LIBRARIES = YES;
				BUNDLE_LOADER = "$(TEST_HOST)";
				CODE_SIGN_STYLE = Automatic;
				DEVELOPMENT_TEAM = J386LH35NK;
				INFOPLIST_FILE = go_servers_appTests/Info.plist;
				LD_RUNPATH_SEARCH_PATHS = (
					"$(inherited)",
					"@executable_path/Frameworks",
					"@loader_path/Frameworks",
				);
				PRODUCT_BUNDLE_IDENTIFIER = "com.jotacemarin.go-servers-appTests";
				PRODUCT_NAME = "$(TARGET_NAME)";
				SWIFT_VERSION = 5.0;
				TARGETED_DEVICE_FAMILY = "1,2";
				TEST_HOST = "$(BUILT_PRODUCTS_DIR)/go_servers_app.app/go_servers_app";
			};
			name = Debug;
		};
		7A28C6DA2299159F00912C7E /* Release */ = {
			isa = XCBuildConfiguration;
			baseConfigurationReference = E6E8676F91B4D34CF20A44A4 /* Pods-go_servers_appTests.release.xcconfig */;
			buildSettings = {
				ALWAYS_EMBED_SWIFT_STANDARD_LIBRARIES = YES;
				BUNDLE_LOADER = "$(TEST_HOST)";
				CODE_SIGN_STYLE = Automatic;
				DEVELOPMENT_TEAM = J386LH35NK;
				INFOPLIST_FILE = go_servers_appTests/Info.plist;
				LD_RUNPATH_SEARCH_PATHS = (
					"$(inherited)",
					"@executable_path/Frameworks",
					"@loader_path/Frameworks",
				);
				PRODUCT_BUNDLE_IDENTIFIER = "com.jotacemarin.go-servers-appTests";
				PRODUCT_NAME = "$(TARGET_NAME)";
				SWIFT_VERSION = 5.0;
				TARGETED_DEVICE_FAMILY = "1,2";
				TEST_HOST = "$(BUILT_PRODUCTS_DIR)/go_servers_app.app/go_servers_app";
			};
			name = Release;
		};
/* End XCBuildConfiguration section */

/* Begin XCConfigurationList section */
		7A28C6B32299159E00912C7E /* Build configuration list for PBXProject "go_servers_app" */ = {
			isa = XCConfigurationList;
			buildConfigurations = (
				7A28C6D32299159F00912C7E /* Debug */,
				7A28C6D42299159F00912C7E /* Release */,
			);
			defaultConfigurationIsVisible = 0;
			defaultConfigurationName = Debug;
		};
		7A28C6D52299159F00912C7E /* Build configuration list for PBXNativeTarget "go_servers_app" */ = {
			isa = XCConfigurationList;
			buildConfigurations = (
				7A28C6D62299159F00912C7E /* Debug */,
				7A28C6D72299159F00912C7E /* Release */,
			);
			defaultConfigurationIsVisible = 0;
			defaultConfigurationName = Debug;
		};
		7A28C6D82299159F00912C7E /* Build configuration list for PBXNativeTarget "go_servers_appTests" */ = {
			isa = XCConfigurationList;
			buildConfigurations = (
				7A28C6D92299159F00912C7E /* Debug */,
				7A28C6DA2299159F00912C7E /* Release */,
			);
			defaultConfigurationIsVisible = 0;
			defaultConfigurationName = Debug;
		};
/* End XCConfigurationList section */
	};
	rootObject = 7A28C6B02299159E00912C7E /* Project object */;
}
